
Microsoft Visual Studio Solution File, Format Version 12.00
Project("{2150E333-8FDC-42A3-9474-1A3956D46DE8}") = "src", "src", "{C46004F0-315D-4E81-9256-0D4832DB51F3}"
EndProject
Project("{2150E333-8FDC-42A3-9474-1A3956D46DE8}") = "tests", "tests", "{4F1658A7-801A-40D5-8710-E8F29240BA38}"
EndProject
Project("{2150E333-8FDC-42A3-9474-1A3956D46DE8}") = "Backend", "Backend", "{4550CD9E-B6BF-4957-B25D-190AE226F273}"
EndProject
Project("{2150E333-8FDC-42A3-9474-1A3956D46DE8}") = "Shared", "Shared", "{9E404EB6-5632-4692-9168-1BEFEE3E8B8E}"
EndProject
Project("{FAE04EC0-301F-11D3-BF4B-00C04F79EFBC}") = "IngrEasy.API", "src\Backend\IngrEasy.API\IngrEasy.API.csproj", "{845E45FF-857E-43FA-99B5-C05996B56247}"
EndProject
Project("{FAE04EC0-301F-11D3-BF4B-00C04F79EFBC}") = "IngrEasy.Domain", "src\Backend\IngrEasy.Domain\IngrEasy.Domain.csproj", "{E9678C23-2E69-42AD-A8AC-18D9A12B65CD}"
EndProject
Project("{FAE04EC0-301F-11D3-BF4B-00C04F79EFBC}") = "IngrEasy.Infrastructure", "src\Backend\IngrEasy.Infrastructure\IngrEasy.Infrastructure.csproj", "{ACA01250-BD4E-47B7-8FBC-F67C3F730D66}"
EndProject
Project("{FAE04EC0-301F-11D3-BF4B-00C04F79EFBC}") = "IngrEasy.Application", "src\Backend\IngrEasy.Application\IngrEasy.Application.csproj", "{F34A4BE8-AB61-453F-AD39-D2E0A5B869C4}"
EndProject
Project("{FAE04EC0-301F-11D3-BF4B-00C04F79EFBC}") = "IngrEasy.Exception", "src\Shared\IngrEasy.Exception\IngrEasy.Exception.csproj", "{47626968-2A6D-4A00-BD7A-74628B738610}"
EndProject
Project("{FAE04EC0-301F-11D3-BF4B-00C04F79EFBC}") = "IngrEasy.Communication", "src\Shared\IngrEasy.Communication\IngrEasy.Communication.csproj", "{D18D42B5-A3D5-4517-8114-FBF96A6B7287}"
EndProject
Global
	GlobalSection(SolutionConfigurationPlatforms) = preSolution
		Debug|Any CPU = Debug|Any CPU
		Release|Any CPU = Release|Any CPU
	EndGlobalSection
	GlobalSection(NestedProjects) = preSolution
		{4550CD9E-B6BF-4957-B25D-190AE226F273} = {C46004F0-315D-4E81-9256-0D4832DB51F3}
		{9E404EB6-5632-4692-9168-1BEFEE3E8B8E} = {C46004F0-315D-4E81-9256-0D4832DB51F3}
		{845E45FF-857E-43FA-99B5-C05996B56247} = {4550CD9E-B6BF-4957-B25D-190AE226F273}
		{E9678C23-2E69-42AD-A8AC-18D9A12B65CD} = {4550CD9E-B6BF-4957-B25D-190AE226F273}
		{ACA01250-BD4E-47B7-8FBC-F67C3F730D66} = {4550CD9E-B6BF-4957-B25D-190AE226F273}
		{F34A4BE8-AB61-453F-AD39-D2E0A5B869C4} = {4550CD9E-B6BF-4957-B25D-190AE226F273}
		{47626968-2A6D-4A00-BD7A-74628B738610} = {9E404EB6-5632-4692-9168-1BEFEE3E8B8E}
		{D18D42B5-A3D5-4517-8114-FBF96A6B7287} = {9E404EB6-5632-4692-9168-1BEFEE3E8B8E}
	EndGlobalSection
	GlobalSection(ProjectConfigurationPlatforms) = postSolution
		{845E45FF-857E-43FA-99B5-C05996B56247}.Debug|Any CPU.ActiveCfg = Debug|Any CPU
		{845E45FF-857E-43FA-99B5-C05996B56247}.Debug|Any CPU.Build.0 = Debug|Any CPU
		{845E45FF-857E-43FA-99B5-C05996B56247}.Release|Any CPU.ActiveCfg = Release|Any CPU
		{845E45FF-857E-43FA-99B5-C05996B56247}.Release|Any CPU.Build.0 = Release|Any CPU
		{E9678C23-2E69-42AD-A8AC-18D9A12B65CD}.Debug|Any CPU.ActiveCfg = Debug|Any CPU
		{E9678C23-2E69-42AD-A8AC-18D9A12B65CD}.Debug|Any CPU.Build.0 = Debug|Any CPU
		{E9678C23-2E69-42AD-A8AC-18D9A12B65CD}.Release|Any CPU.ActiveCfg = Release|Any CPU
		{E9678C23-2E69-42AD-A8AC-18D9A12B65CD}.Release|Any CPU.Build.0 = Release|Any CPU
		{ACA01250-BD4E-47B7-8FBC-F67C3F730D66}.Debug|Any CPU.ActiveCfg = Debug|Any CPU
		{ACA01250-BD4E-47B7-8FBC-F67C3F730D66}.Debug|Any CPU.Build.0 = Debug|Any CPU
		{ACA01250-BD4E-47B7-8FBC-F67C3F730D66}.Release|Any CPU.ActiveCfg = Release|Any CPU
		{ACA01250-BD4E-47B7-8FBC-F67C3F730D66}.Release|Any CPU.Build.0 = Release|Any CPU
		{F34A4BE8-AB61-453F-AD39-D2E0A5B869C4}.Debug|Any CPU.ActiveCfg = Debug|Any CPU
		{F34A4BE8-AB61-453F-AD39-D2E0A5B869C4}.Debug|Any CPU.Build.0 = Debug|Any CPU
		{F34A4BE8-AB61-453F-AD39-D2E0A5B869C4}.Release|Any CPU.ActiveCfg = Release|Any CPU
		{F34A4BE8-AB61-453F-AD39-D2E0A5B869C4}.Release|Any CPU.Build.0 = Release|Any CPU
		{47626968-2A6D-4A00-BD7A-74628B738610}.Debug|Any CPU.ActiveCfg = Debug|Any CPU
		{47626968-2A6D-4A00-BD7A-74628B738610}.Debug|Any CPU.Build.0 = Debug|Any CPU
		{47626968-2A6D-4A00-BD7A-74628B738610}.Release|Any CPU.ActiveCfg = Release|Any CPU
		{47626968-2A6D-4A00-BD7A-74628B738610}.Release|Any CPU.Build.0 = Release|Any CPU
		{D18D42B5-A3D5-4517-8114-FBF96A6B7287}.Debug|Any CPU.ActiveCfg = Debug|Any CPU
		{D18D42B5-A3D5-4517-8114-FBF96A6B7287}.Debug|Any CPU.Build.0 = Debug|Any CPU
		{D18D42B5-A3D5-4517-8114-FBF96A6B7287}.Release|Any CPU.ActiveCfg = Release|Any CPU
		{D18D42B5-A3D5-4517-8114-FBF96A6B7287}.Release|Any CPU.Build.0 = Release|Any CPU
	EndGlobalSection
EndGlobal
